{
  "name": "Playwright_Automation",
  "version": "1.0.0",
  "lockfileVersion": 1,
  "requires": true,
  "dependencies": {
    "@playwright/test": {
      "version": "1.38.1",
      "resolved": "https://registry.npmjs.org/@playwright/test/-/test-1.38.1.tgz",
      "integrity": "sha512-NqRp8XMwj3AK+zKLbZShl0r/9wKgzqI/527bkptKXomtuo+dOjU9NdMASQ8DNC9z9zLOMbG53T4eihYr3XR+BQ==",
      "dev": true,
      "requires": {
        "playwright": "1.38.1"
      },
      "dependencies": {
        "playwright": {
          "version": "1.38.1",
          "resolved": "https://registry.npmjs.org/playwright/-/playwright-1.38.1.tgz",
          "integrity": "sha512-oRMSJmZrOu1FP5iu3UrCx8JEFRIMxLDM0c/3o4bpzU5Tz97BypefWf7TuTNPWeCe279TPal5RtPPZ+9lW/Qkow==",
          "dev": true,
          "requires": {
            "fsevents": "2.3.2",
            "playwright-core": "1.38.1"
          }
        }
      }
    },
    "allure-js-commons": {
      "version": "2.9.0",
      "resolved": "https://registry.npmjs.org/allure-js-commons/-/allure-js-commons-2.9.0.tgz",
      "integrity": "sha512-W4C45uHfapWjUP/HQp93ZYHsGM2DVv4P2+yT7/S1BXzvxgm6GriH13BYDjD/8Kn8C3Qjjujjgbt0aFHu5RNSXQ==",
      "dev": true,
      "requires": {
        "properties": "^1.2.1"
      }
    },
    "allure-playwright": {
      "version": "2.9.0",
      "resolved": "https://registry.npmjs.org/allure-playwright/-/allure-playwright-2.9.0.tgz",
      "integrity": "sha512-qJvclGznaMJ0tiaYs7/dOgoVjNGiJhsVetSVwEuFa37j6Siz9EnNbiZGbdbtOk+CGIXjHjnWOgFFCyyd2989iQ==",
      "dev": true,
      "requires": {
        "allure-js-commons": "2.9.0"
      }
    },
    "fsevents": {
      "version": "2.3.2",
      "resolved": "https://registry.npmjs.org/fsevents/-/fsevents-2.3.2.tgz",
      "integrity": "sha512-xiqMQR4xAeHTuB9uWm+fFRcIOgKBMiOBP+eXiyT7jsgVCq1bkVygt00oASowB7EdtpOHaaPgKt812P9ab+DDKA==",
      "dev": true,
      "optional": true
    },
    "playwright-core": {
      "version": "1.38.1",
      "resolved": "https://registry.npmjs.org/playwright-core/-/playwright-core-1.38.1.tgz",
      "integrity": "sha512-tQqNFUKa3OfMf4b2jQ7aGLB8o9bS3bOY0yMEtldtC2+spf8QXG9zvXLTXUeRsoNuxEYMgLYR+NXfAa1rjKRcrg==",
      "dev": true
    },
    "properties": {
      "version": "1.2.1",
      "resolved": "https://registry.npmjs.org/properties/-/properties-1.2.1.tgz",
      "integrity": "sha512-qYNxyMj1JeW54i/EWEFsM1cVwxJbtgPp8+0Wg9XjNaK6VE/c4oRi6PNu5p7w1mNXEIQIjV5Wwn8v8Gz82/QzdQ==",
      "dev": true
    }
  }
}
